[[package]]
category = "main"
description = "Screen-scraping library"
name = "beautifulsoup4"
optional = false
python-versions = "*"
version = "4.9.0"

[package.dependencies]
soupsieve = [">1.2", "<2.0"]

[[package]]
category = "main"
description = "Dummy package for Beautiful Soup"
name = "bs4"
optional = false
python-versions = "*"
version = "0.0.1"

[package.dependencies]
beautifulsoup4 = "*"

[[package]]
category = "main"
description = "http GET dict"
name = "get"
optional = false
python-versions = "*"
version = "2019.4.13"

[package.dependencies]
query_string = "*"
setuptools = "*"

[[package]]
category = "main"
description = "http POST dict"
name = "post"
optional = false
python-versions = "*"
version = "2019.4.13"

[package.dependencies]
setuptools = "*"

[[package]]
category = "main"
description = "replace '__all__' with '@public.add' decorator"
name = "public"
optional = false
python-versions = "*"
version = "2019.4.13"

[package.dependencies]
setuptools = "*"

[[package]]
category = "main"
description = "get url query string dict"
name = "query-string"
optional = false
python-versions = "*"
version = "2019.4.13"

[package.dependencies]
public = "*"
setuptools = "*"

[[package]]
category = "main"
description = "http REQUEST (GET+POST) dict"
name = "request"
optional = false
python-versions = "*"
version = "2019.4.13"

[package.dependencies]
get = "*"
post = "*"
setuptools = "*"

[[package]]
category = "main"
description = "A modern CSS selector implementation for Beautiful Soup."
name = "soupsieve"
optional = false
python-versions = "*"
version = "1.9.5"

[metadata]
content-hash = "44dea6411e9b8103e0013633c8af19c162040301ec7bb0d2ebb003f5343b22fe"
python-versions = "^3.7"

[metadata.hashes]
beautifulsoup4 = ["594ca51a10d2b3443cbac41214e12dbb2a1cd57e1a7344659849e2e20ba6a8d8", "a4bbe77fd30670455c5296242967a123ec28c37e9702a8a81bd2f20a4baf0368", "d4e96ac9b0c3a6d3f0caae2e4124e6055c5dcafde8e2f831ff194c104f0775a0"]
bs4 = ["36ecea1fd7cc5c0c6e4a1ff075df26d50da647b75376626cc186e2212886dd3a"]
get = ["688268840f923255932154a52bdd40ffac467de4126835c43846e9e6f112844c"]
post = ["8fd57fb16f2c90ef4a76b04b8701c4db8ded170e53fac9514b5ea0272da5d36f"]
public = ["e1436a8a99693a9849dfe40b9158f3837b7c309c163b2d3f5b8e9fce23876db1"]
query-string = ["bb24e4f58849ef6f8219b2446c2bed076d86c97720ae9c3ae918625807394ca8"]
request = ["6297b53c29a4928f7735034df2ab60aa1c7c044df989f605a81b7dc2d3713732"]
soupsieve = ["bdb0d917b03a1369ce964056fc195cfdff8819c40de04695a80bc813c3cfa1f5", "e2c1c5dee4a1c36bcb790e0fabd5492d874b8ebd4617622c4f6a731701060dda"]
